version = 1
revision = 3
requires-python = ">=3.10"

[[package]]
name = "lefthook"
version = "2.1.14"
source = { registry = "https://pypi.org/simple" }
wheels = [
    { url = "https://files.pythonhosted.org/packages/a9/54/9b67d7b19bc4e61345065d53ce103d3ab81dc1dc5a5e35695af076c1506c/lefthook-2.1.14-py3-none-macosx_10_15_x86_64.whl", hash = "sha256:e60ec36d5ec6094bea11c063aa09f11972509d6f6647d82ad1ee12d61f0859a2", size = 5427421, upload-time = "2026-09-14T10:26:00.346Z" },
    { url = "https://files.pythonhosted.org/packages/d0/a0/72c430c1e261f11c67f57befb52432f8635ce8268dc0f7f1013125c803f0/lefthook-2.1.14-py3-none-macosx_11_0_arm64.whl", hash = "sha256:dd628f4b7436d825758ed98fc5e52c5ed3c782e1bbf4c623fc7d3b45ec3216dc", size = 4950978, upload-time = "2026-09-14T10:26:02.22Z" },
    { url = "https://files.pythonhosted.org/packages/92/df/b44d9c547d45337e6bff854143c70579b34efea9076e20cd5b7c2dbe910d/lefthook-2.1.14-py3-none-manylinux_2_17_aarch64.whl", hash = "sha256:fd2aecae214cdcbb6336485e01fe114a002d78a80dbb49907b9f9f039d57d840", size = 4782004, upload-time = "2026-09-14T10:26:03.733Z" },
    { url = "https://files.pythonhosted.org/packages/9a/04/216ca938c50e5b5d199b74157217b3963d1de166bf82ee32fab510d0a89d/lefthook-2.1.14-py3-none-manylinux_2_17_x86_64.whl", hash = "sha256:ee4ea57cbf07fdaa6faca8e18ba1b09e3246b1d7d8fc1a9c411299bbe7c24bae", size = 5361787, upload-time = "2026-09-14T10:26:05.164Z" },
    { url = "https://files.pythonhosted.org/packages/91/63/1e1c38fa8e590f23d22df778425a3783d9f1df1137cc9bf7125240cbf6a4/lefthook-2.1.14-py3-none-win_amd64.whl", hash = "sha256:d28d43e98c42e723e92e2045c9b40e7908f128f63eec1ad3ebd37a0e9dc5cc74", size = 5509521, upload-time = "2026-09-14T10:26:06.699Z" },
    { url = "https://files.pythonhosted.org/packages/de/0c/8fc504b2c8222faf8877ffb597ab007201e296e73d99602b21c2a57934ac/lefthook-2.1.14-py3-none-win_arm64.whl", hash = "sha256:2be15ca9164f5921e5170d522624a3dc6033ae38b4a8a90ba05598d22803876c", size = 4861855, upload-time = "2026-09-14T10:26:07.947Z" },
]

[[package]]
name = "ruff"
version = "0.16.8"
source = { registry = "https://pypi.org/simple" }
sdist = { url = "https://files.pythonhosted.org/packages/ba/78/449cb84790bd5cc3823b2652ee405a4558856e5c4195aee3a16bf7b3eb5d/ruff-0.16.8.tar.gz", hash = "sha256:9247bf92b5f04d825c8639a4fe423ec2e4222acd9222e58412b0dab7e442798b", size = 4938814, upload-time = "2026-09-16T15:54:46.688Z" }
wheels = [
    { url = "https://files.pythonhosted.org/packages/ac/25/6071aabc530e9be7e2c195e8fe3f7aea2735405b6cf447212832d7811831/ruff-0.16.8-py3-none-linux_armv6l.whl", hash = "sha256:6ffbd6d87383c1edf5f6fa890f10200950240d7c1a16052a19a09d3a2307dd38", size = 10048966, upload-time = "2026-09-16T15:53:57.605Z" },
    { url = "https://files.pythonhosted.org/packages/54/98/07f90ecbc74dd5fb5764f11f2bc774d6a7cffef92d2ff5f5b4e9e23c754e/ruff-0.16.8-py3-none-macosx_10_12_x86_64.whl", hash = "sha256:42ed6b878ed61e3acca92f2730a17acff39286944ea82398544696366a6f925e", size = 10165498, upload-time = "2026-09-16T15:54:01.14Z" },
    { url = "https://files.pythonhosted.org/packages/fe/1f/e6a712e3b47cad4a40600134105ed193cb773f618a42eb7ba323cb812cc0/ruff-0.16.8-py3-none-macosx_11_0_arm64.whl", hash = "sha256:7ea781c7f2afba8c6a505ea0fb3f994020249e0c450635f5381286fea6b46170", size = 9830004, upload-time = "2026-09-16T15:54:03.998Z" },
    { url = "https://files.pythonhosted.org/packages/23/f2/311a08776d75d81c7676e20b6b020ae63cbe881fcdc7a8dd64e6e18bdd93/ruff-0.16.8-py3-none-manylinux_2_17_aarch64.manylinux2014_aarch64.whl", hash = "sha256:8efeae3bbe414a5efefda11a792dfb51ef90ac48d50c4830de2f644caf3e8659", size = 9986558, upload-time = "2026-09-16T15:54:06.804Z" },
    { url = "https://files.pythonhosted.org/packages/f3/ed/37b6cb3d3ba8c73e68ae3eb1d502383beb5aa05a582bb7bb3a922f929f54/ruff-0.16.8-py3-none-manylinux_2_17_armv7l.manylinux2014_armv7l.whl", hash = "sha256:3a79b795469fef7fc6e908b218eed2eb17332afd85031db6480dc864560e69b2", size = 9877332, upload-time = "2026-09-16T15:54:09.552Z" },
    { url = "https://files.pythonhosted.org/packages/22/cc/40873a8f36ad084cc540d55fcca7077264d5b13b24659e9180c176fb2b08/ruff-0.16.8-py3-none-manylinux_2_17_i686.manylinux2014_i686.whl", hash = "sha256:3fdc5563cdc50555e6fba39322850860e9267c1b3d12c26a74729d8604c3c812", size = 10507125, upload-time = "2026-09-16T15:54:12.152Z" },
    { url = "https://files.pythonhosted.org/packages/c3/e4/fc91a642b78ccbab6b9477720f3644ae7a10a9bcce69a934679cd64f62bc/ruff-0.16.8-py3-none-manylinux_2_17_ppc64le.manylinux2014_ppc64le.whl", hash = "sha256:34508983c70665578dab88f5223d8e6228307e1135398ca8bfc8b7e9501e282b", size = 11336694, upload-time = "2026-09-16T15:54:15.489Z" },
    { url = "https://files.pythonhosted.org/packages/c2/3d/bbd2a9a600a4e73dc3e7548a249c8d1671273464b55822c6fae50f602dff/ruff-0.16.8-py3-none-manylinux_2_17_s390x.manylinux2014_s390x.whl", hash = "sha256:644bb578569e0ffc575741232bd385dacdd6fbe123f1a729e7a225f54aa3957f", size = 10774448, upload-time = "2026-09-16T15:54:18.16Z" },
    { url = "https://files.pythonhosted.org/packages/1a/41/d83af9879a7b6e8bf5fe16b1da0b134049d2f5d3afac12defb0897cb84bd/ruff-0.16.8-py3-none-manylinux_2_17_x86_64.manylinux2014_x86_64.whl", hash = "sha256:15e7d226246961db9235098333caa13063906d3851136b84c2900b82f5daa1df", size = 10323796, upload-time = "2026-09-16T15:54:20.743Z" },
    { url = "https://files.pythonhosted.org/packages/f5/2c/cefd07bfe914b84943ea769ade8d607bd22750b965d3228eefd7cebd15d0/ruff-0.16.8-py3-none-manylinux_2_31_riscv64.whl", hash = "sha256:a2bf6bc3e9ebdd4449abc6f06cf64b98051a2c61cf94d2fe9596518c881f1a1e", size = 10514115, upload-time = "2026-09-16T15:54:23.497Z" },
    { url = "https://files.pythonhosted.org/packages/f3/9d/76a2e26c79a23be6e6e3664c57bec9e9fc8de155cfb9e4b67ea91b64f9d7/ruff-0.16.8-py3-none-musllinux_1_2_aarch64.whl", hash = "sha256:6ca111ba0849539165e9e59d2b442542f3c1e8060ebbdea82494f1ffbccb1e1f", size = 10072582, upload-time = "2026-09-16T15:54:26.185Z" },
    { url = "https://files.pythonhosted.org/packages/2e/d4/f42edddb39668af1a559ceafa3823aedd65633a48dc9768e775485faa2c1/ruff-0.16.8-py3-none-musllinux_1_2_armv7l.whl", hash = "sha256:359a1e5b495448ee1e91018064382ebc86f90e8aac2fed222c7d0e4e8df85fd2", size = 9879644, upload-time = "2026-09-16T15:54:29.278Z" },
    { url = "https://files.pythonhosted.org/packages/f8/d4/913e3195d95e0378786c6656945c865f534a3560e29139da4882aff630d1/ruff-0.16.8-py3-none-musllinux_1_2_i686.whl", hash = "sha256:59e8f5681349474110b24d62e93cfda6593f5fa3473446ca3705200cac1a08b9", size = 10231569, upload-time = "2026-09-16T15:54:32.036Z" },
    { url = "https://files.pythonhosted.org/packages/2b/c4/8aa6ea0bdcedbd1bf87397e2fc4ed8406448ea5842f8660bc6e5f163039d/ruff-0.16.8-py3-none-musllinux_1_2_x86_64.whl", hash = "sha256:efa3e7a16d1baaa79957888dfdf8be9ef2e44db81cb032af06d76632ab59e773", size = 10663666, upload-time = "2026-09-16T15:54:34.838Z" },
    { url = "https://files.pythonhosted.org/packages/3d/02/7f10ef4700bc223c30a3fdd10631a29830c45524b810a3c7ed947af64591/ruff-0.16.8-py3-none-win32.whl", hash = "sha256:55793ba85c69921e89be061426d91a78652d6e50317c962240922747a4eb713f", size = 10093472, upload-time = "2026-09-16T15:54:37.47Z" },
    { url = "https://files.pythonhosted.org/packages/1e/5d/a509c07d714b6da88f2c518b4637cf6f1d46b074be8f0f1e5fb9ff5126fe/ruff-0.16.8-py3-none-win_amd64.whl", hash = "sha256:a6b85621fd3c81e31fc5f5add09c9c078b430db3595ca632efafdec9e64ebfaa", size = 10586899, upload-time = "2026-09-16T15:54:40.488Z" },
    { url = "https://files.pythonhosted.org/packages/fe/a0/50787329e4f20bf9dc9f6230015d46ec69c51a97ace5bc202dae4755365d/ruff-0.16.8-py3-none-win_arm64.whl", hash = "sha256:d075e820af612102ce217f07cc93e69f9490b10ec13ea85fa87bd03d996cef8a", size = 10386316, upload-time = "2026-09-16T15:54:43.332Z" },
]

[[package]]
name = "ty"
version = "0.0.83"
source = { registry = "https://pypi.org/simple" }
sdist = { url = "https://files.pythonhosted.org/packages/3b/7d/2fd9575bce2d14e2281bec82d0713dee68329b0dc944e9c06c2e36b761fe/ty-0.0.83.tar.gz", hash = "sha256:db118de73c05ac476faceb4d42d59782feaeddfc4d721fd3ae8b807a0a2ae4e4", size = 7373076, upload-time = "2026-09-21T22:47:29.207Z" }
wheels = [
    { url = "https://files.pythonhosted.org/packages/bf/85/7259431bade2317d8b82fa27220ae4618c21396acf0ca28a7bd75e92afd7/ty-0.0.83-py3-none-linux_armv6l.whl", hash = "sha256:836bc08bad96ecc7e38baf1a6ddaec15aa8c8b46ae99a96365397b5f6481b7a5", size = 13905669, upload-time = "2026-09-21T22:46:36.677Z" },
    { url = "https://files.pythonhosted.org/packages/d2/30/9527386ade8dd71fc52f65cde3c094411af7ad0d505f9063ef0841998702/ty-0.0.83-py3-none-macosx_10_12_x86_64.whl", hash = "sha256:0f1fb029fe076c7dca404d98e38fdb5fdbc2038a09407f89d43be1fdd9b2c459", size = 13499505, upload-time = "2026-09-21T22:46:40.114Z" },
    { url = "https://files.pythonhosted.org/packages/a0/54/63080d8cfd59a53810499a69a2ebc995724be27618b70d7f099e73ace317/ty-0.0.83-py3-none-macosx_11_0_arm64.whl", hash = "sha256:3515776d01ee3b1be974dafa73d449d0bc711afbc12ba341f82f70bc641ff4ee", size = 13498980, upload-time = "2026-09-21T22:46:43.197Z" },
    { url = "https://files.pythonhosted.org/packages/49/78/e647f190bd9513d09db30d45309e9b5df070b5caa44af2de3290fab59fbe/ty-0.0.83-py3-none-manylinux_2_17_aarch64.manylinux2014_aarch64.whl", hash = "sha256:c5b80d66c7f9c8d60f25ccfd40c6eaebe8fd7c9005074904e0e164dd89c13d03", size = 13494705, upload-time = "2026-09-21T22:46:46.106Z" },
    { url = "https://files.pythonhosted.org/packages/2e/12/aef645b13c5bd15e3e5993537dbc23f7d65475f3cf1755d07b4d3e56850d/ty-0.0.83-py3-none-manylinux_2_17_armv7l.manylinux2014_armv7l.whl", hash = "sha256:57eae4aa55dab1af5d1423227c6517ccab1e658fe265c8e5a58caa584ca2876b", size = 13661466, upload-time = "2026-09-21T22:46:49.392Z" },
    { url = "https://files.pythonhosted.org/packages/d4/c4/11872e823653c568468ef7f0c3b23aed7ad2d33652e20144d28d5bfad58a/ty-0.0.83-py3-none-manylinux_2_17_i686.manylinux2014_i686.whl", hash = "sha256:dea3680911340ecf93dff5786dbeefd69c9399df685a22751e1fbd27e6007b50", size = 14479677, upload-time = "2026-09-21T22:46:52.277Z" },
    { url = "https://files.pythonhosted.org/packages/8e/db/5b0d0d24d16d24d781f29ee842ee718903e453dc4068acb02bef860d5540/ty-0.0.83-py3-none-manylinux_2_17_ppc64le.manylinux2014_ppc64le.whl", hash = "sha256:8453786c274f48e2a89b78e8a505a4f449323f357f2ce26a9b90a4bd68176f67", size = 14972208, upload-time = "2026-09-21T22:46:55.242Z" },
    { url = "https://files.pythonhosted.org/packages/54/04/0077a53bcf6ceb41365a45d8091b52094c91a5f4b071c2a6d705ed8bb65b/ty-0.0.83-py3-none-manylinux_2_17_s390x.manylinux2014_s390x.whl", hash = "sha256:7701bdae3b52271cf0835abe4202aa3b23b735425d8c5a3e6a8ca1c68d39ead8", size = 14660550, upload-time = "2026-09-21T22:46:58.256Z" },
    { url = "https://files.pythonhosted.org/packages/d4/ff/b6c879f1c3121387edd19ebdb1fb02af30691f88f632278a5d467fb5f348/ty-0.0.83-py3-none-manylinux_2_17_x86_64.manylinux2014_x86_64.whl", hash = "sha256:aa95b4376447e5309fe3ccc98ee75916a9082714e6a029b99427ca62021dc94a", size = 14147376, upload-time = "2026-09-21T22:47:01.167Z" },
    { url = "https://files.pythonhosted.org/packages/0d/bc/82e730247d53cb02acd5a91237c0c62f215b2e0379689a550176d307ed89/ty-0.0.83-py3-none-manylinux_2_31_riscv64.whl", hash = "sha256:2a4550a08fc1899a33e4a08787a73ec9daa99d292268df4f0a5f1c24c63854c3", size = 14567502, upload-time = "2026-09-21T22:47:04.344Z" },
    { url = "https://files.pythonhosted.org/packages/67/13/bb6f57923231f51b626931625ada71e219d64541f8fadf96065bc5034358/ty-0.0.83-py3-none-musllinux_1_2_aarch64.whl", hash = "sha256:feb72080f0835fa2b27485e3b11fa50dc57c30e0ba73808a3f7d64b56db83f6f", size = 13443051, upload-time = "2026-09-21T22:47:07.316Z" },
    { url = "https://files.pythonhosted.org/packages/50/20/9862431662d4453527cd52cf0f30d5975cd1801aa39e570bf45fb299be77/ty-0.0.83-py3-none-musllinux_1_2_armv7l.whl", hash = "sha256:3e5206def2d6e1df93c75ed8dc763255233ccc3153647509d125bada10ad770a", size = 13678908, upload-time = "2026-09-21T22:47:10.714Z" },
    { url = "https://files.pythonhosted.org/packages/d7/e3/94ebbe1573b76660fa09f2dbce96da6d0bb69a2d29c7b6ad538b452979d4/ty-0.0.83-py3-none-musllinux_1_2_i686.whl", hash = "sha256:bdf5dfa157f5c127ba096fe0561b47877e6e79562c7fc2b35906ba5e9f6bb723", size = 13937248, upload-time = "2026-09-21T22:47:14.133Z" },
    { url = "https://files.pythonhosted.org/packages/2f/c0/3ea45c2ec3a82fddb7137e457ccb2a452446905430d225adaa4990cdc338/ty-0.0.83-py3-none-musllinux_1_2_x86_64.whl", hash = "sha256:626d6ad00f05a5d9b7ea80de44b12931d0c0fb50e64eab20b7fcc13e9aff2a68", size = 14290826, upload-time = "2026-09-21T22:47:16.874Z" },
    { url = "https://files.pythonhosted.org/packages/d8/b2/c941ce83a59e46ef31dd04bdf6067530e7ec77d5f0cdd1e223fbc6fc351b/ty-0.0.83-py3-none-win32.whl", hash = "sha256:0391017dac6ba3e452e0322301f50bba12fbccadac07d7fd888c46951ad37638", size = 13105291, upload-time = "2026-09-21T22:47:19.807Z" },
    { url = "https://files.pythonhosted.org/packages/b2/8a/5eef9458505698b144643cbd2062f465c5d860d8cf86a8710d74505ad9a0/ty-0.0.83-py3-none-win_amd64.whl", hash = "sha256:1b67d86f5bbad4076ae1a2ff23a6a4493219885d72d4b148cb0193e090390060", size = 13901557, upload-time = "2026-09-21T22:47:23.429Z" },
    { url = "https://files.pythonhosted.org/packages/9f/27/a06061513f1de25569c2e8898018bd552ab7b31afa7cfe818703269b3350/ty-0.0.83-py3-none-win_arm64.whl", hash = "sha256:a916a3d7d68fe30b7aacdb9fe16d461fa944d722e59e96ea0fa9d206a1b6625f", size = 13627960, upload-time = "2026-09-21T22:47:26.305Z" },
]

[[package]]
name = "zakadi"
version = "0.0.1"
source = { editable = "." }

[package.dev-dependencies]
dev = [
    { name = "lefthook" },
    { name = "ruff" },
    { name = "ty" },
]

[package.metadata]

[package.metadata.requires-dev]
dev = [
    { name = "lefthook", specifier = ">=2.1.14" },
    { name = "ruff", specifier = ">=0.16.8" },
    { name = "ty", specifier = ">=0.0.83" },
]
